
Microsoft Visual Studio Solution File, Format Version 12.00
# Visual Studio Version 16
VisualStudioVersion = 16.0.30804.86
MinimumVisualStudioVersion = 10.0.40219.1
Project("{FAE04EC0-301F-11D3-BF4B-00C04F79EFBC}") = "EasyConnect", "EasyConnect\EasyConnect.csproj", "{B4E03F3A-9B84-478E-B26A-A11FE79FBDA9}"
EndProject
Project("{54435603-DBB4-11D2-8724-00A0C9A8B90C}") = "Setup", "Setup\Setup.vdproj", "{876686B1-84B7-41C1-80EB-5F7DB599EC90}"
EndProject
Project("{FAE04EC0-301F-11D3-BF4B-00C04F79EFBC}") = "EasyConnectTestyJednostkowe", "EasyConnectTestyJednostkowe\EasyConnectTestyJednostkowe.csproj", "{03AC68E5-A8A0-4E8B-B479-80997A89160C}"
EndProject
Global
	GlobalSection(SolutionConfigurationPlatforms) = preSolution
		Debug|Any CPU = Debug|Any CPU
		Release|Any CPU = Release|Any CPU
	EndGlobalSection
	GlobalSection(ProjectConfigurationPlatforms) = postSolution
		{B4E03F3A-9B84-478E-B26A-A11FE79FBDA9}.Debug|Any CPU.ActiveCfg = Debug|Any CPU
		{B4E03F3A-9B84-478E-B26A-A11FE79FBDA9}.Debug|Any CPU.Build.0 = Debug|Any CPU
		{B4E03F3A-9B84-478E-B26A-A11FE79FBDA9}.Release|Any CPU.ActiveCfg = Release|Any CPU
		{B4E03F3A-9B84-478E-B26A-A11FE79FBDA9}.Release|Any CPU.Build.0 = Release|Any CPU
		{876686B1-84B7-41C1-80EB-5F7DB599EC90}.Debug|Any CPU.ActiveCfg = Debug
		{876686B1-84B7-41C1-80EB-5F7DB599EC90}.Release|Any CPU.ActiveCfg = Release
		{03AC68E5-A8A0-4E8B-B479-80997A89160C}.Debug|Any CPU.ActiveCfg = Debug|Any CPU
		{03AC68E5-A8A0-4E8B-B479-80997A89160C}.Debug|Any CPU.Build.0 = Debug|Any CPU
		{03AC68E5-A8A0-4E8B-B479-80997A89160C}.Release|Any CPU.ActiveCfg = Release|Any CPU
		{03AC68E5-A8A0-4E8B-B479-80997A89160C}.Release|Any CPU.Build.0 = Release|Any CPU
	EndGlobalSection
	GlobalSection(SolutionProperties) = preSolution
		HideSolutionNode = FALSE
	EndGlobalSection
	GlobalSection(ExtensibilityGlobals) = postSolution
		SolutionGuid = {7A1478B8-3DB7-4CC1-81C3-5D52B280A279}
	EndGlobalSection
EndGlobal
